PODS:
  - QQCorner (1.0.1)
  - QQTabBarController (0.1.2)

DEPENDENCIES:
  - QQCorner
  - QQTabBarController (from `../`)

SPEC REPOS:
  https://github.com/cocoapods/specs.git:
    - QQCorner

EXTERNAL SOURCES:
  QQTabBarController:
    :path: "../"

SPEC CHECKSUMS:
  QQCorner: be09ea260482798e782da2ad96789f6e3cf6cda6
  QQTabBarController: 2aacc4359d557c315536af1c3a2630943dac81f6

PODFILE CHECKSUM: b01eb4457ce86451b1524629b738115a2b876ffc

COCOAPODS: 1.5.3
